// !$*UTF8*$!
{
	archiveVersion = 1;
	classes = {
	};
	objectVersion = 56;
	objects = {

/* Begin PBXBuildFile section */
		EE80DAE32C3864FA001DC484 /* Sky_DashApp.swift in Sources */ = {isa = PBXBuildFile; fileRef = EE80DAE22C3864FA001DC484 /* Sky_DashApp.swift */; };
		EE80DAE52C3864FA001DC484 /* ContentView.swift in Sources */ = {isa = PBXBuildFile; fileRef = EE80DAE42C3864FA001DC484 /* ContentView.swift */; };
		EE80DAE72C3864FC001DC484 /* Assets.xcassets in Resources */ = {isa = PBXBuildFile; fileRef = EE80DAE62C3864FC001DC484 /* Assets.xcassets */; };
		EE80DAEA2C3864FC001DC484 /* Preview Assets.xcassets in Resources */ = {isa = PBXBuildFile; fileRef = EE80DAE92C3864FC001DC484 /* Preview Assets.xcassets */; };
		EE80DAF22C3867C3001DC484 /* ChooserGameView.swift in Sources */ = {isa = PBXBuildFile; fileRef = EE80DAF12C3867C3001DC484 /* ChooserGameView.swift */; };
		EE80DAF42C3868E8001DC484 /* Chewy-Regular.ttf in Resources */ = {isa = PBXBuildFile; fileRef = EE80DAF32C3868E8001DC484 /* Chewy-Regular.ttf */; };
		EE80DAF82C386C53001DC484 /* PlayScene.swift in Sources */ = {isa = PBXBuildFile; fileRef = EE80DAF72C386C53001DC484 /* PlayScene.swift */; };
		EE80DAFB2C395C73001DC484 /* mus_bg.wav in Resources */ = {isa = PBXBuildFile; fileRef = EE80DAFA2C395C73001DC484 /* mus_bg.wav */; };
		EE80DAFD2C395C9A001DC484 /* over.wav in Resources */ = {isa = PBXBuildFile; fileRef = EE80DAFC2C395C9A001DC484 /* over.wav */; };
		EE80DAFF2C395E44001DC484 /* PlayView.swift in Sources */ = {isa = PBXBuildFile; fileRef = EE80DAFE2C395E44001DC484 /* PlayView.swift */; };
		EE80DB022C395FC0001DC484 /* SettingsV.swift in Sources */ = {isa = PBXBuildFile; fileRef = EE80DB012C395FC0001DC484 /* SettingsV.swift */; };
		EE80DB052C396C23001DC484 /* PlaneSkinsGameView.swift in Sources */ = {isa = PBXBuildFile; fileRef = EE80DB042C396C23001DC484 /* PlaneSkinsGameView.swift */; };
		EE80DB072C398803001DC484 /* GameOverScreenView.swift in Sources */ = {isa = PBXBuildFile; fileRef = EE80DB062C398803001DC484 /* GameOverScreenView.swift */; };
/* End PBXBuildFile section */

/* Begin PBXFileReference section */
		EE80DADF2C3864FA001DC484 /* Sky Dash.app */ = {isa = PBXFileReference; explicitFileType = wrapper.application; includeInIndex = 0; path = "Sky Dash.app"; sourceTree = BUILT_PRODUCTS_DIR; };
		EE80DAE22C3864FA001DC484 /* Sky_DashApp.swift */ = {isa = PBXFileReference; lastKnownFileType = sourcecode.swift; path = Sky_DashApp.swift; sourceTree = "<group>"; };
		EE80DAE42C3864FA001DC484 /* ContentView.swift */ = {isa = PBXFileReference; lastKnownFileType = sourcecode.swift; path = ContentView.swift; sourceTree = "<group>"; };
		EE80DAE62C3864FC001DC484 /* Assets.xcassets */ = {isa = PBXFileReference; lastKnownFileType = folder.assetcatalog; path = Assets.xcassets; sourceTree = "<group>"; };
		EE80DAE92C3864FC001DC484 /* Preview Assets.xcassets */ = {isa = PBXFileReference; lastKnownFileType = folder.assetcatalog; path = "Preview Assets.xcassets"; sourceTree = "<group>"; };
		EE80DAF12C3867C3001DC484 /* ChooserGameView.swift */ = {isa = PBXFileReference; lastKnownFileType = sourcecode.swift; path = ChooserGameView.swift; sourceTree = "<group>"; };
		EE80DAF32C3868E8001DC484 /* Chewy-Regular.ttf */ = {isa = PBXFileReference; lastKnownFileType = file; path = "Chewy-Regular.ttf"; sourceTree = "<group>"; };
		EE80DAF52C3868F2001DC484 /* Sky-Dash-Info.plist */ = {isa = PBXFileReference; lastKnownFileType = text.plist; path = "Sky-Dash-Info.plist"; sourceTree = SOURCE_ROOT; };
		EE80DAF72C386C53001DC484 /* PlayScene.swift */ = {isa = PBXFileReference; lastKnownFileType = sourcecode.swift; path = PlayScene.swift; sourceTree = "<group>"; };
		EE80DAFA2C395C73001DC484 /* mus_bg.wav */ = {isa = PBXFileReference; lastKnownFileType = audio.wav; path = mus_bg.wav; sourceTree = "<group>"; };
		EE80DAFC2C395C9A001DC484 /* over.wav */ = {isa = PBXFileReference; lastKnownFileType = audio.wav; path = over.wav; sourceTree = "<group>"; };
		EE80DAFE2C395E44001DC484 /* PlayView.swift */ = {isa = PBXFileReference; lastKnownFileType = sourcecode.swift; path = PlayView.swift; sourceTree = "<group>"; };
		EE80DB012C395FC0001DC484 /* SettingsV.swift */ = {isa = PBXFileReference; lastKnownFileType = sourcecode.swift; path = SettingsV.swift; sourceTree = "<group>"; };
		EE80DB042C396C23001DC484 /* PlaneSkinsGameView.swift */ = {isa = PBXFileReference; lastKnownFileType = sourcecode.swift; path = PlaneSkinsGameView.swift; sourceTree = "<group>"; };
		EE80DB062C398803001DC484 /* GameOverScreenView.swift */ = {isa = PBXFileReference; lastKnownFileType = sourcecode.swift; path = GameOverScreenView.swift; sourceTree = "<group>"; };
/* End PBXFileReference section */

/* Begin PBXFrameworksBuildPhase section */
		EE80DADC2C3864FA001DC484 /* Frameworks */ = {
			isa = PBXFrameworksBuildPhase;
			buildActionMask = 2147483647;
			files = (
			);
			runOnlyForDeploymentPostprocessing = 0;
		};
/* End PBXFrameworksBuildPhase section */

/* Begin PBXGroup section */
		EE80DAD62C3864FA001DC484 = {
			isa = PBXGroup;
			children = (
				EE80DAE12C3864FA001DC484 /* Sky Dash */,
				EE80DAE02C3864FA001DC484 /* Products */,
			);
			sourceTree = "<group>";
		};
		EE80DAE02C3864FA001DC484 /* Products */ = {
			isa = PBXGroup;
			children = (
				EE80DADF2C3864FA001DC484 /* Sky Dash.app */,
			);
			name = Products;
			sourceTree = "<group>";
		};
		EE80DAE12C3864FA001DC484 /* Sky Dash */ = {
			isa = PBXGroup;
			children = (
				EE80DB032C396C0A001DC484 /* PlaneSkins */,
				EE80DB002C395FAF001DC484 /* SettingsV */,
				EE80DAF92C395C6C001DC484 /* Audio */,
				EE80DAF62C386C40001DC484 /* PlayScreen */,
				EE80DAF52C3868F2001DC484 /* Sky-Dash-Info.plist */,
				EE80DAF32C3868E8001DC484 /* Chewy-Regular.ttf */,
				EE80DAF02C3865E5001DC484 /* Chooser */,
				EE80DAE22C3864FA001DC484 /* Sky_DashApp.swift */,
				EE80DAE42C3864FA001DC484 /* ContentView.swift */,
				EE80DAE62C3864FC001DC484 /* Assets.xcassets */,
				EE80DAE82C3864FC001DC484 /* Preview Content */,
			);
			path = "Sky Dash";
			sourceTree = "<group>";
		};
		EE80DAE82C3864FC001DC484 /* Preview Content */ = {
			isa = PBXGroup;
			children = (
				EE80DAE92C3864FC001DC484 /* Preview Assets.xcassets */,
			);
			path = "Preview Content";
			sourceTree = "<group>";
		};
		EE80DAF02C3865E5001DC484 /* Chooser */ = {
			isa = PBXGroup;
			children = (
				EE80DAF12C3867C3001DC484 /* ChooserGameView.swift */,
			);
			path = Chooser;
			sourceTree = "<group>";
		};
		EE80DAF62C386C40001DC484 /* PlayScreen */ = {
			isa = PBXGroup;
			children = (
				EE80DAF72C386C53001DC484 /* PlayScene.swift */,
				EE80DAFE2C395E44001DC484 /* PlayView.swift */,
				EE80DB062C398803001DC484 /* GameOverScreenView.swift */,
			);
			path = PlayScreen;
			sourceTree = "<group>";
		};
		EE80DAF92C395C6C001DC484 /* Audio */ = {
			isa = PBXGroup;
			children = (
				EE80DAFC2C395C9A001DC484 /* over.wav */,
				EE80DAFA2C395C73001DC484 /* mus_bg.wav */,
			);
			path = Audio;
			sourceTree = "<group>";
		};
		EE80DB002C395FAF001DC484 /* SettingsV */ = {
			isa = PBXGroup;
			children = (
				EE80DB012C395FC0001DC484 /* SettingsV.swift */,
			);
			path = SettingsV;
			sourceTree = "<group>";
		};
		EE80DB032C396C0A001DC484 /* PlaneSkins */ = {
			isa = PBXGroup;
			children = (
				EE80DB042C396C23001DC484 /* PlaneSkinsGameView.swift */,
			);
			path = PlaneSkins;
			sourceTree = "<group>";
		};
/* End PBXGroup section */

/* Begin PBXNativeTarget section */
		EE80DADE2C3864FA001DC484 /* Sky Dash */ = {
			isa = PBXNativeTarget;
			buildConfigurationList = EE80DAED2C3864FC001DC484 /* Build configuration list for PBXNativeTarget "Sky Dash" */;
			buildPhases = (
				EE80DADB2C3864FA001DC484 /* Sources */,
				EE80DADC2C3864FA001DC484 /* Frameworks */,
				EE80DADD2C3864FA001DC484 /* Resources */,
			);
			buildRules = (
			);
			dependencies = (
			);
			name = "Sky Dash";
			productName = "Sky Dash";
			productReference = EE80DADF2C3864FA001DC484 /* Sky Dash.app */;
			productType = "com.apple.product-type.application";
		};
/* End PBXNativeTarget section */

/* Begin PBXProject section */
		EE80DAD72C3864FA001DC484 /* Project object */ = {
			isa = PBXProject;
			attributes = {
				BuildIndependentTargetsInParallel = 1;
				LastSwiftUpdateCheck = 1510;
				LastUpgradeCheck = 1510;
				TargetAttributes = {
					EE80DADE2C3864FA001DC484 = {
						CreatedOnToolsVersion = 15.1;
					};
				};
			};
			buildConfigurationList = EE80DADA2C3864FA001DC484 /* Build configuration list for PBXProject "Sky Dash" */;
			compatibilityVersion = "Xcode 14.0";
			developmentRegion = en;
			hasScannedForEncodings = 0;
			knownRegions = (
				en,
				Base,
			);
			mainGroup = EE80DAD62C3864FA001DC484;
			productRefGroup = EE80DAE02C3864FA001DC484 /* Products */;
			projectDirPath = "";
			projectRoot = "";
			targets = (
				EE80DADE2C3864FA001DC484 /* Sky Dash */,
			);
		};
/* End PBXProject section */

/* Begin PBXResourcesBuildPhase section */
		EE80DADD2C3864FA001DC484 /* Resources */ = {
			isa = PBXResourcesBuildPhase;
			buildActionMask = 2147483647;
			files = (
				EE80DAFB2C395C73001DC484 /* mus_bg.wav in Resources */,
				EE80DAF42C3868E8001DC484 /* Chewy-Regular.ttf in Resources */,
				EE80DAFD2C395C9A001DC484 /* over.wav in Resources */,
				EE80DAEA2C3864FC001DC484 /* Preview Assets.xcassets in Resources */,
				EE80DAE72C3864FC001DC484 /* Assets.xcassets in Resources */,
			);
			runOnlyForDeploymentPostprocessing = 0;
		};
/* End PBXResourcesBuildPhase section */

/* Begin PBXSourcesBuildPhase section */
		EE80DADB2C3864FA001DC484 /* Sources */ = {
			isa = PBXSourcesBuildPhase;
			buildActionMask = 2147483647;
			files = (
				EE80DAE52C3864FA001DC484 /* ContentView.swift in Sources */,
				EE80DAF22C3867C3001DC484 /* ChooserGameView.swift in Sources */,
				EE80DAF82C386C53001DC484 /* PlayScene.swift in Sources */,
				EE80DAFF2C395E44001DC484 /* PlayView.swift in Sources */,
				EE80DB072C398803001DC484 /* GameOverScreenView.swift in Sources */,
				EE80DAE32C3864FA001DC484 /* Sky_DashApp.swift in Sources */,
				EE80DB022C395FC0001DC484 /* SettingsV.swift in Sources */,
				EE80DB052C396C23001DC484 /* PlaneSkinsGameView.swift in Sources */,
			);
			runOnlyForDeploymentPostprocessing = 0;
		};
/* End PBXSourcesBuildPhase section */

/* Begin XCBuildConfiguration section */
		EE80DAEB2C3864FC001DC484 /* Debug */ = {
			isa = XCBuildConfiguration;
			buildSettings = {
				ALWAYS_SEARCH_USER_PATHS = NO;
				ASSETCATALOG_COMPILER_GENERATE_SWIFT_ASSET_SYMBOL_EXTENSIONS = YES;
				CLANG_ANALYZER_NONNULL = YES;
				CLANG_ANALYZER_NUMBER_OBJECT_CONVERSION = YES_AGGRESSIVE;
				CLANG_CXX_LANGUAGE_STANDARD = "gnu++20";
				CLANG_ENABLE_MODULES = YES;
				CLANG_ENABLE_OBJC_ARC = YES;
				CLANG_ENABLE_OBJC_WEAK = YES;
				CLANG_WARN_BLOCK_CAPTURE_AUTORELEASING = YES;
				CLANG_WARN_BOOL_CONVERSION = YES;
				CLANG_WARN_COMMA = YES;
				CLANG_WARN_CONSTANT_CONVERSION = YES;
				CLANG_WARN_DEPRECATED_OBJC_IMPLEMENTATIONS = YES;
				CLANG_WARN_DIRECT_OBJC_ISA_USAGE = YES_ERROR;
				CLANG_WARN_DOCUMENTATION_COMMENTS = YES;
				CLANG_WARN_EMPTY_BODY = YES;
				CLANG_WARN_ENUM_CONVERSION = YES;
				CLANG_WARN_INFINITE_RECURSION = YES;
				CLANG_WARN_INT_CONVERSION = YES;
				CLANG_WARN_NON_LITERAL_NULL_CONVERSION = YES;
				CLANG_WARN_OBJC_IMPLICIT_RETAIN_SELF = YES;
				CLANG_WARN_OBJC_LITERAL_CONVERSION = YES;
				CLANG_WARN_OBJC_ROOT_CLASS = YES_ERROR;
				CLANG_WARN_QUOTED_INCLUDE_IN_FRAMEWORK_HEADER = YES;
				CLANG_WARN_RANGE_LOOP_ANALYSIS = YES;
				CLANG_WARN_STRICT_PROTOTYPES = YES;
				CLANG_WARN_SUSPICIOUS_MOVE = YES;
				CLANG_WARN_UNGUARDED_AVAILABILITY = YES_AGGRESSIVE;
				CLANG_WARN_UNREACHABLE_CODE = YES;
				CLANG_WARN__DUPLICATE_METHOD_MATCH = YES;
				COPY_PHASE_STRIP = NO;
				DEBUG_INFORMATION_FORMAT = dwarf;
				ENABLE_STRICT_OBJC_MSGSEND = YES;
				ENABLE_TESTABILITY = YES;
				ENABLE_USER_SCRIPT_SANDBOXING = YES;
				GCC_C_LANGUAGE_STANDARD = gnu17;
				GCC_DYNAMIC_NO_PIC = NO;
				GCC_NO_COMMON_BLOCKS = YES;
				GCC_OPTIMIZATION_LEVEL = 0;
				GCC_PREPROCESSOR_DEFINITIONS = (
					"DEBUG=1",
					"$(inherited)",
				);
				GCC_WARN_64_TO_32_BIT_CONVERSION = YES;
				GCC_WARN_ABOUT_RETURN_TYPE = YES_ERROR;
				GCC_WARN_UNDECLARED_SELECTOR = YES;
				GCC_WARN_UNINITIALIZED_AUTOS = YES_AGGRESSIVE;
				GCC_WARN_UNUSED_FUNCTION = YES;
				GCC_WARN_UNUSED_VARIABLE = YES;
				IPHONEOS_DEPLOYMENT_TARGET = 17.2;
				LOCALIZATION_PREFERS_STRING_CATALOGS = YES;
				MTL_ENABLE_DEBUG_INFO = INCLUDE_SOURCE;
				MTL_FAST_MATH = YES;
				ONLY_ACTIVE_ARCH = YES;
				SDKROOT = iphoneos;
				SWIFT_ACTIVE_COMPILATION_CONDITIONS = "DEBUG $(inherited)";
				SWIFT_OPTIMIZATION_LEVEL = "-Onone";
			};
			name = Debug;
		};
		EE80DAEC2C3864FC001DC484 /* Release */ = {
			isa = XCBuildConfiguration;
			buildSettings = {
				ALWAYS_SEARCH_USER_PATHS = NO;
				ASSETCATALOG_COMPILER_GENERATE_SWIFT_ASSET_SYMBOL_EXTENSIONS = YES;
				CLANG_ANALYZER_NONNULL = YES;
				CLANG_ANALYZER_NUMBER_OBJECT_CONVERSION = YES_AGGRESSIVE;
				CLANG_CXX_LANGUAGE_STANDARD = "gnu++20";
				CLANG_ENABLE_MODULES = YES;
				CLANG_ENABLE_OBJC_ARC = YES;
				CLANG_ENABLE_OBJC_WEAK = YES;
				CLANG_WARN_BLOCK_CAPTURE_AUTORELEASING = YES;
				CLANG_WARN_BOOL_CONVERSION = YES;
				CLANG_WARN_COMMA = YES;
				CLANG_WARN_CONSTANT_CONVERSION = YES;
				CLANG_WARN_DEPRECATED_OBJC_IMPLEMENTATIONS = YES;
				CLANG_WARN_DIRECT_OBJC_ISA_USAGE = YES_ERROR;
				CLANG_WARN_DOCUMENTATION_COMMENTS = YES;
				CLANG_WARN_EMPTY_BODY = YES;
				CLANG_WARN_ENUM_CONVERSION = YES;
				CLANG_WARN_INFINITE_RECURSION = YES;
				CLANG_WARN_INT_CONVERSION = YES;
				CLANG_WARN_NON_LITERAL_NULL_CONVERSION = YES;
				CLANG_WARN_OBJC_IMPLICIT_RETAIN_SELF = YES;
				CLANG_WARN_OBJC_LITERAL_CONVERSION = YES;
				CLANG_WARN_OBJC_ROOT_CLASS = YES_ERROR;
				CLANG_WARN_QUOTED_INCLUDE_IN_FRAMEWORK_HEADER = YES;
				CLANG_WARN_RANGE_LOOP_ANALYSIS = YES;
				CLANG_WARN_STRICT_PROTOTYPES = YES;
				CLANG_WARN_SUSPICIOUS_MOVE = YES;
				CLANG_WARN_UNGUARDED_AVAILABILITY = YES_AGGRESSIVE;
				CLANG_WARN_UNREACHABLE_CODE = YES;
				CLANG_WARN__DUPLICATE_METHOD_MATCH = YES;
				COPY_PHASE_STRIP = NO;
				DEBUG_INFORMATION_FORMAT = "dwarf-with-dsym";
				ENABLE_NS_ASSERTIONS = NO;
				ENABLE_STRICT_OBJC_MSGSEND = YES;
				ENABLE_USER_SCRIPT_SANDBOXING = YES;
				GCC_C_LANGUAGE_STANDARD = gnu17;
				GCC_NO_COMMON_BLOCKS = YES;
				GCC_WARN_64_TO_32_BIT_CONVERSION = YES;
				GCC_WARN_ABOUT_RETURN_TYPE = YES_ERROR;
				GCC_WARN_UNDECLARED_SELECTOR = YES;
				GCC_WARN_UNINITIALIZED_AUTOS = YES_AGGRESSIVE;
				GCC_WARN_UNUSED_FUNCTION = YES;
				GCC_WARN_UNUSED_VARIABLE = YES;
				IPHONEOS_DEPLOYMENT_TARGET = 17.2;
				LOCALIZATION_PREFERS_STRING_CATALOGS = YES;
				MTL_ENABLE_DEBUG_INFO = NO;
				MTL_FAST_MATH = YES;
				SDKROOT = iphoneos;
				SWIFT_COMPILATION_MODE = wholemodule;
				VALIDATE_PRODUCT = YES;
			};
			name = Release;
		};
		EE80DAEE2C3864FC001DC484 /* Debug */ = {
			isa = XCBuildConfiguration;
			buildSettings = {
				ASSETCATALOG_COMPILER_APPICON_NAME = AppIcon;
				ASSETCATALOG_COMPILER_GLOBAL_ACCENT_COLOR_NAME = AccentColor;
				CODE_SIGN_STYLE = Automatic;
				CURRENT_PROJECT_VERSION = 1;
				DEVELOPMENT_ASSET_PATHS = "\"Sky Dash/Preview Content\"";
				DEVELOPMENT_TEAM = 4RSA42DBKQ;
				ENABLE_PREVIEWS = YES;
				GENERATE_INFOPLIST_FILE = YES;
				INFOPLIST_FILE = "Sky-Dash-Info.plist";
				INFOPLIST_KEY_UIApplicationSceneManifest_Generation = YES;
				INFOPLIST_KEY_UIApplicationSupportsIndirectInputEvents = YES;
				INFOPLIST_KEY_UILaunchScreen_Generation = YES;
				INFOPLIST_KEY_UISupportedInterfaceOrientations_iPad = "UIInterfaceOrientationPortrait UIInterfaceOrientationPortraitUpsideDown UIInterfaceOrientationLandscapeLeft UIInterfaceOrientationLandscapeRight";
				INFOPLIST_KEY_UISupportedInterfaceOrientations_iPhone = "UIInterfaceOrientationPortrait UIInterfaceOrientationLandscapeLeft UIInterfaceOrientationLandscapeRight";
				LD_RUNPATH_SEARCH_PATHS = (
					"$(inherited)",
					"@executable_path/Frameworks",
				);
				MARKETING_VERSION = 1.0;
				PRODUCT_BUNDLE_IDENTIFIER = "com.gamenation.Sky-Dash";
				PRODUCT_NAME = "$(TARGET_NAME)";
				SUPPORTED_PLATFORMS = "iphoneos iphonesimulator";
				SUPPORTS_MACCATALYST = NO;
				SUPPORTS_MAC_DESIGNED_FOR_IPHONE_IPAD = NO;
				SWIFT_EMIT_LOC_STRINGS = YES;
				SWIFT_VERSION = 5.0;
				TARGETED_DEVICE_FAMILY = "1,2";
			};
			name = Debug;
		};
		EE80DAEF2C3864FC001DC484 /* Release */ = {
			isa = XCBuildConfiguration;
			buildSettings = {
				ASSETCATALOG_COMPILER_APPICON_NAME = AppIcon;
				ASSETCATALOG_COMPILER_GLOBAL_ACCENT_COLOR_NAME = AccentColor;
				CODE_SIGN_STYLE = Automatic;
				CURRENT_PROJECT_VERSION = 1;
				DEVELOPMENT_ASSET_PATHS = "\"Sky Dash/Preview Content\"";
				DEVELOPMENT_TEAM = 4RSA42DBKQ;
				ENABLE_PREVIEWS = YES;
				GENERATE_INFOPLIST_FILE = YES;
				INFOPLIST_FILE = "Sky-Dash-Info.plist";
				INFOPLIST_KEY_UIApplicationSceneManifest_Generation = YES;
				INFOPLIST_KEY_UIApplicationSupportsIndirectInputEvents = YES;
				INFOPLIST_KEY_UILaunchScreen_Generation = YES;
				INFOPLIST_KEY_UISupportedInterfaceOrientations_iPad = "UIInterfaceOrientationPortrait UIInterfaceOrientationPortraitUpsideDown UIInterfaceOrientationLandscapeLeft UIInterfaceOrientationLandscapeRight";
				INFOPLIST_KEY_UISupportedInterfaceOrientations_iPhone = "UIInterfaceOrientationPortrait UIInterfaceOrientationLandscapeLeft UIInterfaceOrientationLandscapeRight";
				LD_RUNPATH_SEARCH_PATHS = (
					"$(inherited)",
					"@executable_path/Frameworks",
				);
				MARKETING_VERSION = 1.0;
				PRODUCT_BUNDLE_IDENTIFIER = "com.gamenation.Sky-Dash";
				PRODUCT_NAME = "$(TARGET_NAME)";
				SUPPORTED_PLATFORMS = "iphoneos iphonesimulator";
				SUPPORTS_MACCATALYST = NO;
				SUPPORTS_MAC_DESIGNED_FOR_IPHONE_IPAD = NO;
				SWIFT_EMIT_LOC_STRINGS = YES;
				SWIFT_VERSION = 5.0;
				TARGETED_DEVICE_FAMILY = "1,2";
			};
			name = Release;
		};
/* End XCBuildConfiguration section */

/* Begin XCConfigurationList section */
		EE80DADA2C3864FA001DC484 /* Build configuration list for PBXProject "Sky Dash" */ = {
			isa = XCConfigurationList;
			buildConfigurations = (
				EE80DAEB2C3864FC001DC484 /* Debug */,
				EE80DAEC2C3864FC001DC484 /* Release */,
			);
			defaultConfigurationIsVisible = 0;
			defaultConfigurationName = Release;
		};
		EE80DAED2C3864FC001DC484 /* Build configuration list for PBXNativeTarget "Sky Dash" */ = {
			isa = XCConfigurationList;
			buildConfigurations = (
				EE80DAEE2C3864FC001DC484 /* Debug */,
				EE80DAEF2C3864FC001DC484 /* Release */,
			);
			defaultConfigurationIsVisible = 0;
			defaultConfigurationName = Release;
		};
/* End XCConfigurationList section */
	};
	rootObject = EE80DAD72C3864FA001DC484 /* Project object */;
}
